apiVersion: kiox.io/v1
kind: WorkspaceLock
metadata:
    name: example-platform
providers:
    - alias: orun
      provider: sourceplane/orun
      source: ghcr.io/sourceplane/orun:v2.21.0
      version: v2.21.0
      resolved: ghcr.io/sourceplane/orun@sha256:2546aaa5530a4aa8908a02d4139ef95e23b89394162b71aac579bb899575923e
      store: e02472f57f2eb5fb5168b7d270ea547e5bffbf83824c4286abd7ba20f87cb9d1
